
Microsoft Visual Studio Solution File, Format Version 12.00
# Visual Studio Version 17
VisualStudioVersion = 17.6.33717.318
MinimumVisualStudioVersion = 10.0.40219.1
Project("{9A19103F-16F7-4668-BE54-9A1E7A4F7556}") = "IMS.WebApp", "IMS.WebApp\IMS.WebApp.csproj", "{FF0942EB-8908-4AE7-842D-33B5C11FC301}"
EndProject
Project("{9A19103F-16F7-4668-BE54-9A1E7A4F7556}") = "IMS.UseCases", "IMS.UseCases\IMS.UseCases.csproj", "{D158E3F4-0727-4F74-81DC-0693F21CD46D}"
EndProject
Project("{9A19103F-16F7-4668-BE54-9A1E7A4F7556}") = "IMS.CoreBusiness", "IMS.CoreBusiness\IMS.CoreBusiness.csproj", "{ABC50358-A992-42FF-941E-246E37732DAC}"
EndProject
Project("{9A19103F-16F7-4668-BE54-9A1E7A4F7556}") = "IMS.Plugins.EFCore", "IMS.Plugins.EFCore\IMS.Plugins.EFCore.csproj", "{4464D795-D0C2-49DB-ADE9-6EE83140B393}"
EndProject
Global
	GlobalSection(SolutionConfigurationPlatforms) = preSolution
		Debug|Any CPU = Debug|Any CPU
		Release|Any CPU = Release|Any CPU
	EndGlobalSection
	GlobalSection(ProjectConfigurationPlatforms) = postSolution
		{FF0942EB-8908-4AE7-842D-33B5C11FC301}.Debug|Any CPU.ActiveCfg = Debug|Any CPU
		{FF0942EB-8908-4AE7-842D-33B5C11FC301}.Debug|Any CPU.Build.0 = Debug|Any CPU
		{FF0942EB-8908-4AE7-842D-33B5C11FC301}.Release|Any CPU.ActiveCfg = Release|Any CPU
		{FF0942EB-8908-4AE7-842D-33B5C11FC301}.Release|Any CPU.Build.0 = Release|Any CPU
		{D158E3F4-0727-4F74-81DC-0693F21CD46D}.Debug|Any CPU.ActiveCfg = Debug|Any CPU
		{D158E3F4-0727-4F74-81DC-0693F21CD46D}.Debug|Any CPU.Build.0 = Debug|Any CPU
		{D158E3F4-0727-4F74-81DC-0693F21CD46D}.Release|Any CPU.ActiveCfg = Release|Any CPU
		{D158E3F4-0727-4F74-81DC-0693F21CD46D}.Release|Any CPU.Build.0 = Release|Any CPU
		{ABC50358-A992-42FF-941E-246E37732DAC}.Debug|Any CPU.ActiveCfg = Debug|Any CPU
		{ABC50358-A992-42FF-941E-246E37732DAC}.Debug|Any CPU.Build.0 = Debug|Any CPU
		{ABC50358-A992-42FF-941E-246E37732DAC}.Release|Any CPU.ActiveCfg = Release|Any CPU
		{ABC50358-A992-42FF-941E-246E37732DAC}.Release|Any CPU.Build.0 = Release|Any CPU
		{4464D795-D0C2-49DB-ADE9-6EE83140B393}.Debug|Any CPU.ActiveCfg = Debug|Any CPU
		{4464D795-D0C2-49DB-ADE9-6EE83140B393}.Debug|Any CPU.Build.0 = Debug|Any CPU
		{4464D795-D0C2-49DB-ADE9-6EE83140B393}.Release|Any CPU.ActiveCfg = Release|Any CPU
		{4464D795-D0C2-49DB-ADE9-6EE83140B393}.Release|Any CPU.Build.0 = Release|Any CPU
	EndGlobalSection
	GlobalSection(SolutionProperties) = preSolution
		HideSolutionNode = FALSE
	EndGlobalSection
	GlobalSection(ExtensibilityGlobals) = postSolution
		SolutionGuid = {DBF8AF83-4BCD-4E88-90A3-91C35FF106D8}
	EndGlobalSection
EndGlobal
